// !$*UTF8*$!
{
	archiveVersion = 1;
	classes = {
	};
	objectVersion = 48;
	objects = {

/* Begin PBXBuildFile section */
		4E94B73D1FA4FD3900923F6F /* ComposeViewController.swift in Sources */ = {isa = PBXBuildFile; fileRef = 4E94B73C1FA4FD3900923F6F /* ComposeViewController.swift */; };
		4EA42D3A1FA4CB0700DD9EBC /* AppDelegate.swift in Sources */ = {isa = PBXBuildFile; fileRef = 4EA42D391FA4CB0700DD9EBC /* AppDelegate.swift */; };
		4EA42D3C1FA4CB0700DD9EBC /* ViewController.swift in Sources */ = {isa = PBXBuildFile; fileRef = 4EA42D3B1FA4CB0700DD9EBC /* ViewController.swift */; };
		4EA42D3F1FA4CB0700DD9EBC /* Main.storyboard in Resources */ = {isa = PBXBuildFile; fileRef = 4EA42D3D1FA4CB0700DD9EBC /* Main.storyboard */; };
		4EA42D411FA4CB0700DD9EBC /* Assets.xcassets in Resources */ = {isa = PBXBuildFile; fileRef = 4EA42D401FA4CB0700DD9EBC /* Assets.xcassets */; };
		4EA42D441FA4CB0700DD9EBC /* LaunchScreen.storyboard in Resources */ = {isa = PBXBuildFile; fileRef = 4EA42D421FA4CB0700DD9EBC /* LaunchScreen.storyboard */; };
		4EA42D521FA4E3D200DD9EBC /* GoogleService-Info.plist in Resources */ = {isa = PBXBuildFile; fileRef = 4EA42D511FA4E3D100DD9EBC /* GoogleService-Info.plist */; };
		7DA3577C5939808A90B1F3FE /* Pods_emo3.framework in Frameworks */ = {isa = PBXBuildFile; fileRef = 2C4973DFB2AA461A52E03EEB /* Pods_emo3.framework */; };
/* End PBXBuildFile section */

/* Begin PBXFileReference section */
		2C4973DFB2AA461A52E03EEB /* Pods_emo3.framework */ = {isa = PBXFileReference; explicitFileType = wrapper.framework; includeInIndex = 0; path = Pods_emo3.framework; sourceTree = BUILT_PRODUCTS_DIR; };
		4E94B73C1FA4FD3900923F6F /* ComposeViewController.swift */ = {isa = PBXFileReference; lastKnownFileType = sourcecode.swift; path = ComposeViewController.swift; sourceTree = "<group>"; };
		4EA42D361FA4CB0700DD9EBC /* emo3.app */ = {isa = PBXFileReference; explicitFileType = wrapper.application; includeInIndex = 0; path = emo3.app; sourceTree = BUILT_PRODUCTS_DIR; };
		4EA42D391FA4CB0700DD9EBC /* AppDelegate.swift */ = {isa = PBXFileReference; lastKnownFileType = sourcecode.swift; path = AppDelegate.swift; sourceTree = "<group>"; };
		4EA42D3B1FA4CB0700DD9EBC /* ViewController.swift */ = {isa = PBXFileReference; lastKnownFileType = sourcecode.swift; path = ViewController.swift; sourceTree = "<group>"; };
		4EA42D3E1FA4CB0700DD9EBC /* Base */ = {isa = PBXFileReference; lastKnownFileType = file.storyboard; name = Base; path = Base.lproj/Main.storyboard; sourceTree = "<group>"; };
		4EA42D401FA4CB0700DD9EBC /* Assets.xcassets */ = {isa = PBXFileReference; lastKnownFileType = folder.assetcatalog; path = Assets.xcassets; sourceTree = "<group>"; };
		4EA42D431FA4CB0700DD9EBC /* Base */ = {isa = PBXFileReference; lastKnownFileType = file.storyboard; name = Base; path = Base.lproj/LaunchScreen.storyboard; sourceTree = "<group>"; };
		4EA42D451FA4CB0700DD9EBC /* Info.plist */ = {isa = PBXFileReference; lastKnownFileType = text.plist.xml; path = Info.plist; sourceTree = "<group>"; };
		4EA42D511FA4E3D100DD9EBC /* GoogleService-Info.plist */ = {isa = PBXFileReference; fileEncoding = 4; lastKnownFileType = text.plist.xml; path = "GoogleService-Info.plist"; sourceTree = "<group>"; };
		6A689B91CA1F984910E18C08 /* Pods-emo3.release.xcconfig */ = {isa = PBXFileReference; includeInIndex = 1; lastKnownFileType = text.xcconfig; name = "Pods-emo3.release.xcconfig"; path = "Pods/Target Support Files/Pods-emo3/Pods-emo3.release.xcconfig"; sourceTree = "<group>"; };
		9960ADC5386A4E2C1F954506 /* Pods-emo3.debug.xcconfig */ = {isa = PBXFileReference; includeInIndex = 1; lastKnownFileType = text.xcconfig; name = "Pods-emo3.debug.xcconfig"; path = "Pods/Target Support Files/Pods-emo3/Pods-emo3.debug.xcconfig"; sourceTree = "<group>"; };
/* End PBXFileReference section */

/* Begin PBXFrameworksBuildPhase section */
		4EA42D331FA4CB0700DD9EBC /* Frameworks */ = {
			isa = PBXFrameworksBuildPhase;
			buildActionMask = 2147483647;
			files = (
				7DA3577C5939808A90B1F3FE /* Pods_emo3.framework in Frameworks */,
			);
			runOnlyForDeploymentPostprocessing = 0;
		};
/* End PBXFrameworksBuildPhase section */

/* Begin PBXGroup section */
		3C9B7CB4D72D55657E00D929 /* Frameworks */ = {
			isa = PBXGroup;
			children = (
				2C4973DFB2AA461A52E03EEB /* Pods_emo3.framework */,
			);
			name = Frameworks;
			sourceTree = "<group>";
		};
		4EA42D2D1FA4CB0700DD9EBC = {
			isa = PBXGroup;
			children = (
				4EA42D381FA4CB0700DD9EBC /* emo3 */,
				4EA42D371FA4CB0700DD9EBC /* Products */,
				81F258CBD7EA9BBBDF1B7C63 /* Pods */,
				3C9B7CB4D72D55657E00D929 /* Frameworks */,
			);
			sourceTree = "<group>";
		};
		4EA42D371FA4CB0700DD9EBC /* Products */ = {
			isa = PBXGroup;
			children = (
				4EA42D361FA4CB0700DD9EBC /* emo3.app */,
			);
			name = Products;
			sourceTree = "<group>";
		};
		4EA42D381FA4CB0700DD9EBC /* emo3 */ = {
			isa = PBXGroup;
			children = (
				4EA42D391FA4CB0700DD9EBC /* AppDelegate.swift */,
				4EA42D3B1FA4CB0700DD9EBC /* ViewController.swift */,
				4EA42D3D1FA4CB0700DD9EBC /* Main.storyboard */,
				4EA42D401FA4CB0700DD9EBC /* Assets.xcassets */,
				4EA42D421FA4CB0700DD9EBC /* LaunchScreen.storyboard */,
				4EA42D451FA4CB0700DD9EBC /* Info.plist */,
				4EA42D511FA4E3D100DD9EBC /* GoogleService-Info.plist */,
				4E94B73C1FA4FD3900923F6F /* ComposeViewController.swift */,
			);
			path = emo3;
			sourceTree = "<group>";
		};
		81F258CBD7EA9BBBDF1B7C63 /* Pods */ = {
			isa = PBXGroup;
			children = (
				9960ADC5386A4E2C1F954506 /* Pods-emo3.debug.xcconfig */,
				6A689B91CA1F984910E18C08 /* Pods-emo3.release.xcconfig */,
			);
			name = Pods;
			sourceTree = "<group>";
		};
/* End PBXGroup section */

/* Begin PBXNativeTarget section */
		4EA42D351FA4CB0700DD9EBC /* emo3 */ = {
			isa = PBXNativeTarget;
			buildConfigurationList = 4EA42D481FA4CB0700DD9EBC /* Build configuration list for PBXNativeTarget "emo3" */;
			buildPhases = (
				2E394727172FD48AE3C99670 /* [CP] Check Pods Manifest.lock */,
				4EA42D321FA4CB0700DD9EBC /* Sources */,
				4EA42D331FA4CB0700DD9EBC /* Frameworks */,
				4EA42D341FA4CB0700DD9EBC /* Resources */,
				3CE4F21683EB402C339082F9 /* [CP] Embed Pods Frameworks */,
				D7891F782AE5C6FDAA40E7B0 /* [CP] Copy Pods Resources */,
			);
			buildRules = (
			);
			dependencies = (
			);
			name = emo3;
			productName = emo3;
			productReference = 4EA42D361FA4CB0700DD9EBC /* emo3.app */;
			productType = "com.apple.product-type.application";
		};
/* End PBXNativeTarget section */

/* Begin PBXProject section */
		4EA42D2E1FA4CB0700DD9EBC /* Project object */ = {
			isa = PBXProject;
			attributes = {
				LastSwiftUpdateCheck = 0900;
				LastUpgradeCheck = 0900;
				ORGANIZATIONNAME = "Dilum@4Exis";
				TargetAttributes = {
					4EA42D351FA4CB0700DD9EBC = {
						CreatedOnToolsVersion = 9.0.1;
						ProvisioningStyle = Automatic;
					};
				};
			};
			buildConfigurationList = 4EA42D311FA4CB0700DD9EBC /* Build configuration list for PBXProject "emo3" */;
			compatibilityVersion = "Xcode 8.0";
			developmentRegion = en;
			hasScannedForEncodings = 0;
			knownRegions = (
				en,
				Base,
			);
			mainGroup = 4EA42D2D1FA4CB0700DD9EBC;
			productRefGroup = 4EA42D371FA4CB0700DD9EBC /* Products */;
			projectDirPath = "";
			projectRoot = "";
			targets = (
				4EA42D351FA4CB0700DD9EBC /* emo3 */,
			);
		};
/* End PBXProject section */

/* Begin PBXResourcesBuildPhase section */
		4EA42D341FA4CB0700DD9EBC /* Resources */ = {
			isa = PBXResourcesBuildPhase;
			buildActionMask = 2147483647;
			files = (
				4EA42D441FA4CB0700DD9EBC /* LaunchScreen.storyboard in Resources */,
				4EA42D521FA4E3D200DD9EBC /* GoogleService-Info.plist in Resources */,
				4EA42D411FA4CB0700DD9EBC /* Assets.xcassets in Resources */,
				4EA42D3F1FA4CB0700DD9EBC /* Main.storyboard in Resources */,
			);
			runOnlyForDeploymentPostprocessing = 0;
		};
/* End PBXResourcesBuildPhase section */

/* Begin PBXShellScriptBuildPhase section */
		2E394727172FD48AE3C99670 /* [CP] Check Pods Manifest.lock */ = {
			isa = PBXShellScriptBuildPhase;
			buildActionMask = 2147483647;
			files = (
			);
			inputPaths = (
				"${PODS_PODFILE_DIR_PATH}/Podfile.lock",
				"${PODS_ROOT}/Manifest.lock",
			);
			name = "[CP] Check Pods Manifest.lock";
			outputPaths = (
				"$(DERIVED_FILE_DIR)/Pods-emo3-checkManifestLockResult.txt",
			);
			runOnlyForDeploymentPostprocessing = 0;
			shellPath = /bin/sh;
			shellScript = "diff \"${PODS_PODFILE_DIR_PATH}/Podfile.lock\" \"${PODS_ROOT}/Manifest.lock\" > /dev/null\nif [ $? != 0 ] ; then\n    # print error to STDERR\n    echo \"error: The sandbox is not in sync with the Podfile.lock. Run 'pod install' or update your CocoaPods installation.\" >&2\n    exit 1\nfi\n# This output is used by Xcode 'outputs' to avoid re-running this script phase.\necho \"SUCCESS\" > \"${SCRIPT_OUTPUT_FILE_0}\"\n";
			showEnvVarsInLog = 0;
		};
		3CE4F21683EB402C339082F9 /* [CP] Embed Pods Frameworks */ = {
			isa = PBXShellScriptBuildPhase;
			buildActionMask = 2147483647;
			files = (
			);
			inputPaths = (
				"${SRCROOT}/Pods/Target Support Files/Pods-emo3/Pods-emo3-frameworks.sh",
				"${BUILT_PRODUCTS_DIR}/GoogleToolboxForMac/GoogleToolboxForMac.framework",
				"${BUILT_PRODUCTS_DIR}/leveldb-library/leveldb.framework",
				"${BUILT_PRODUCTS_DIR}/nanopb/nanopb.framework",
			);
			name = "[CP] Embed Pods Frameworks";
			outputPaths = (
				"${TARGET_BUILD_DIR}/${FRAMEWORKS_FOLDER_PATH}/GoogleToolboxForMac.framework",
				"${TARGET_BUILD_DIR}/${FRAMEWORKS_FOLDER_PATH}/leveldb.framework",
				"${TARGET_BUILD_DIR}/${FRAMEWORKS_FOLDER_PATH}/nanopb.framework",
			);
			runOnlyForDeploymentPostprocessing = 0;
			shellPath = /bin/sh;
			shellScript = "\"${SRCROOT}/Pods/Target Support Files/Pods-emo3/Pods-emo3-frameworks.sh\"\n";
			showEnvVarsInLog = 0;
		};
		D7891F782AE5C6FDAA40E7B0 /* [CP] Copy Pods Resources */ = {
			isa = PBXShellScriptBuildPhase;
			buildActionMask = 2147483647;
			files = (
			);
			inputPaths = (
			);
			name = "[CP] Copy Pods Resources";
			outputPaths = (
			);
			runOnlyForDeploymentPostprocessing = 0;
			shellPath = /bin/sh;
			shellScript = "\"${SRCROOT}/Pods/Target Support Files/Pods-emo3/Pods-emo3-resources.sh\"\n";
			showEnvVarsInLog = 0;
		};
/* End PBXShellScriptBuildPhase section */

/* Begin PBXSourcesBuildPhase section */
		4EA42D321FA4CB0700DD9EBC /* Sources */ = {
			isa = PBXSourcesBuildPhase;
			buildActionMask = 2147483647;
			files = (
				4E94B73D1FA4FD3900923F6F /* ComposeViewController.swift in Sources */,
				4EA42D3C1FA4CB0700DD9EBC /* ViewController.swift in Sources */,
				4EA42D3A1FA4CB0700DD9EBC /* AppDelegate.swift in Sources */,
			);
			runOnlyForDeploymentPostprocessing = 0;
		};
/* End PBXSourcesBuildPhase section */

/* Begin PBXVariantGroup section */
		4EA42D3D1FA4CB0700DD9EBC /* Main.storyboard */ = {
			isa = PBXVariantGroup;
			children = (
				4EA42D3E1FA4CB0700DD9EBC /* Base */,
			);
			name = Main.storyboard;
			sourceTree = "<group>";
		};
		4EA42D421FA4CB0700DD9EBC /* LaunchScreen.storyboard */ = {
			isa = PBXVariantGroup;
			children = (
				4EA42D431FA4CB0700DD9EBC /* Base */,
			);
			name = LaunchScreen.storyboard;
			sourceTree = "<group>";
		};
/* End PBXVariantGroup section */

/* Begin XCBuildConfiguration section */
		4EA42D461FA4CB0700DD9EBC /* Debug */ = {
			isa = XCBuildConfiguration;
			buildSettings = {
				ALWAYS_SEARCH_USER_PATHS = NO;
				CLANG_ANALYZER_NONNULL = YES;
				CLANG_ANALYZER_NUMBER_OBJECT_CONVERSION = YES_AGGRESSIVE;
				CLANG_CXX_LANGUAGE_STANDARD = "gnu++14";
				CLANG_CXX_LIBRARY = "libc++";
				CLANG_ENABLE_MODULES = YES;
				CLANG_ENABLE_OBJC_ARC = YES;
				CLANG_WARN_BLOCK_CAPTURE_AUTORELEASING = YES;
				CLANG_WARN_BOOL_CONVERSION = YES;
				CLANG_WARN_COMMA = YES;
				CLANG_WARN_CONSTANT_CONVERSION = YES;
				CLANG_WARN_DIRECT_OBJC_ISA_USAGE = YES_ERROR;
				CLANG_WARN_DOCUMENTATION_COMMENTS = YES;
				CLANG_WARN_EMPTY_BODY = YES;
				CLANG_WARN_ENUM_CONVERSION = YES;
				CLANG_WARN_INFINITE_RECURSION = YES;
				CLANG_WARN_INT_CONVERSION = YES;
				CLANG_WARN_NON_LITERAL_NULL_CONVERSION = YES;
				CLANG_WARN_OBJC_LITERAL_CONVERSION = YES;
				CLANG_WARN_OBJC_ROOT_CLASS = YES_ERROR;
				CLANG_WARN_RANGE_LOOP_ANALYSIS = YES;
				CLANG_WARN_STRICT_PROTOTYPES = YES;
				CLANG_WARN_SUSPICIOUS_MOVE = YES;
				CLANG_WARN_UNGUARDED_AVAILABILITY = YES_AGGRESSIVE;
				CLANG_WARN_UNREACHABLE_CODE = YES;
				CLANG_WARN__DUPLICATE_METHOD_MATCH = YES;
				CODE_SIGN_IDENTITY = "iPhone Developer";
				COPY_PHASE_STRIP = NO;
				DEBUG_INFORMATION_FORMAT = dwarf;
				ENABLE_STRICT_OBJC_MSGSEND = YES;
				ENABLE_TESTABILITY = YES;
				GCC_C_LANGUAGE_STANDARD = gnu11;
				GCC_DYNAMIC_NO_PIC = NO;
				GCC_NO_COMMON_BLOCKS = YES;
				GCC_OPTIMIZATION_LEVEL = 0;
				GCC_PREPROCESSOR_DEFINITIONS = (
					"DEBUG=1",
					"$(inherited)",
				);
				GCC_WARN_64_TO_32_BIT_CONVERSION = YES;
				GCC_WARN_ABOUT_RETURN_TYPE = YES_ERROR;
				GCC_WARN_UNDECLARED_SELECTOR = YES;
				GCC_WARN_UNINITIALIZED_AUTOS = YES_AGGRESSIVE;
				GCC_WARN_UNUSED_FUNCTION = YES;
				GCC_WARN_UNUSED_VARIABLE = YES;
				IPHONEOS_DEPLOYMENT_TARGET = 11.0;
				MTL_ENABLE_DEBUG_INFO = YES;
				ONLY_ACTIVE_ARCH = YES;
				SDKROOT = iphoneos;
				SWIFT_ACTIVE_COMPILATION_CONDITIONS = DEBUG;
				SWIFT_OPTIMIZATION_LEVEL = "-Onone";
			};
			name = Debug;
		};
		4EA42D471FA4CB0700DD9EBC /* Release */ = {
			isa = XCBuildConfiguration;
			buildSettings = {
				ALWAYS_SEARCH_USER_PATHS = NO;
				CLANG_ANALYZER_NONNULL = YES;
				CLANG_ANALYZER_NUMBER_OBJECT_CONVERSION = YES_AGGRESSIVE;
				CLANG_CXX_LANGUAGE_STANDARD = "gnu++14";
				CLANG_CXX_LIBRARY = "libc++";
				CLANG_ENABLE_MODULES = YES;
				CLANG_ENABLE_OBJC_ARC = YES;
				CLANG_WARN_BLOCK_CAPTURE_AUTORELEASING = YES;
				CLANG_WARN_BOOL_CONVERSION = YES;
				CLANG_WARN_COMMA = YES;
				CLANG_WARN_CONSTANT_CONVERSION = YES;
				CLANG_WARN_DIRECT_OBJC_ISA_USAGE = YES_ERROR;
				CLANG_WARN_DOCUMENTATION_COMMENTS = YES;
				CLANG_WARN_EMPTY_BODY = YES;
				CLANG_WARN_ENUM_CONVERSION = YES;
				CLANG_WARN_INFINITE_RECURSION = YES;
				CLANG_WARN_INT_CONVERSION = YES;
				CLANG_WARN_NON_LITERAL_NULL_CONVERSION = YES;
				CLANG_WARN_OBJC_LITERAL_CONVERSION = YES;
				CLANG_WARN_OBJC_ROOT_CLASS = YES_ERROR;
				CLANG_WARN_RANGE_LOOP_ANALYSIS = YES;
				CLANG_WARN_STRICT_PROTOTYPES = YES;
				CLANG_WARN_SUSPICIOUS_MOVE = YES;
				CLANG_WARN_UNGUARDED_AVAILABILITY = YES_AGGRESSIVE;
				CLANG_WARN_UNREACHABLE_CODE = YES;
				CLANG_WARN__DUPLICATE_METHOD_MATCH = YES;
				CODE_SIGN_IDENTITY = "iPhone Developer";
				COPY_PHASE_STRIP = NO;
				DEBUG_INFORMATION_FORMAT = "dwarf-with-dsym";
				ENABLE_NS_ASSERTIONS = NO;
				ENABLE_STRICT_OBJC_MSGSEND = YES;
				GCC_C_LANGUAGE_STANDARD = gnu11;
				GCC_NO_COMMON_BLOCKS = YES;
				GCC_WARN_64_TO_32_BIT_CONVERSION = YES;
				GCC_WARN_ABOUT_RETURN_TYPE = YES_ERROR;
				GCC_WARN_UNDECLARED_SELECTOR = YES;
				GCC_WARN_UNINITIALIZED_AUTOS = YES_AGGRESSIVE;
				GCC_WARN_UNUSED_FUNCTION = YES;
				GCC_WARN_UNUSED_VARIABLE = YES;
				IPHONEOS_DEPLOYMENT_TARGET = 11.0;
				MTL_ENABLE_DEBUG_INFO = NO;
				SDKROOT = iphoneos;
				SWIFT_OPTIMIZATION_LEVEL = "-Owholemodule";
				VALIDATE_PRODUCT = YES;
			};
			name = Release;
		};
		4EA42D491FA4CB0700DD9EBC /* Debug */ = {
			isa = XCBuildConfiguration;
			baseConfigurationReference = 9960ADC5386A4E2C1F954506 /* Pods-emo3.debug.xcconfig */;
			buildSettings = {
				ASSETCATALOG_COMPILER_APPICON_NAME = AppIcon;
				CODE_SIGN_STYLE = Automatic;
				INFOPLIST_FILE = emo3/Info.plist;
				LD_RUNPATH_SEARCH_PATHS = "$(inherited) @executable_path/Frameworks";
				PRODUCT_BUNDLE_IDENTIFIER = dilum.emo3;
				PRODUCT_NAME = "$(TARGET_NAME)";
				SWIFT_VERSION = 4.0;
				TARGETED_DEVICE_FAMILY = "1,2";
			};
			name = Debug;
		};
		4EA42D4A1FA4CB0700DD9EBC /* Release */ = {
			isa = XCBuildConfiguration;
			baseConfigurationReference = 6A689B91CA1F984910E18C08 /* Pods-emo3.release.xcconfig */;
			buildSettings = {
				ASSETCATALOG_COMPILER_APPICON_NAME = AppIcon;
				CODE_SIGN_STYLE = Automatic;
				INFOPLIST_FILE = emo3/Info.plist;
				LD_RUNPATH_SEARCH_PATHS = "$(inherited) @executable_path/Frameworks";
				PRODUCT_BUNDLE_IDENTIFIER = dilum.emo3;
				PRODUCT_NAME = "$(TARGET_NAME)";
				SWIFT_VERSION = 4.0;
				TARGETED_DEVICE_FAMILY = "1,2";
			};
			name = Release;
		};
/* End XCBuildConfiguration section */

/* Begin XCConfigurationList section */
		4EA42D311FA4CB0700DD9EBC /* Build configuration list for PBXProject "emo3" */ = {
			isa = XCConfigurationList;
			buildConfigurations = (
				4EA42D461FA4CB0700DD9EBC /* Debug */,
				4EA42D471FA4CB0700DD9EBC /* Release */,
			);
			defaultConfigurationIsVisible = 0;
			defaultConfigurationName = Release;
		};
		4EA42D481FA4CB0700DD9EBC /* Build configuration list for PBXNativeTarget "emo3" */ = {
			isa = XCConfigurationList;
			buildConfigurations = (
				4EA42D491FA4CB0700DD9EBC /* Debug */,
				4EA42D4A1FA4CB0700DD9EBC /* Release */,
			);
			defaultConfigurationIsVisible = 0;
			defaultConfigurationName = Release;
		};
/* End XCConfigurationList section */
	};
	rootObject = 4EA42D2E1FA4CB0700DD9EBC /* Project object */;
}
